
Microsoft Visual Studio Solution File, Format Version 12.00
# Visual Studio Version 17
VisualStudioVersion = 17.0.31912.275
MinimumVisualStudioVersion = 10.0.40219.1
Project("{9A19103F-16F7-4668-BE54-9A1E7A4F7556}") = "SQBuilder", "SQBuilder\SQBuilder.csproj", "{6CA8BA21-4B86-4206-B7EF-C7BF10B39A62}"
EndProject
Global
	GlobalSection(SolutionConfigurationPlatforms) = preSolution
		Debug|Any CPU = Debug|Any CPU
		Release|Any CPU = Release|Any CPU
	EndGlobalSection
	GlobalSection(ProjectConfigurationPlatforms) = postSolution
		{6CA8BA21-4B86-4206-B7EF-C7BF10B39A62}.Debug|Any CPU.ActiveCfg = Debug|Any CPU
		{6CA8BA21-4B86-4206-B7EF-C7BF10B39A62}.Debug|Any CPU.Build.0 = Debug|Any CPU
		{6CA8BA21-4B86-4206-B7EF-C7BF10B39A62}.Release|Any CPU.ActiveCfg = Release|Any CPU
		{6CA8BA21-4B86-4206-B7EF-C7BF10B39A62}.Release|Any CPU.Build.0 = Release|Any CPU
	EndGlobalSection
	GlobalSection(SolutionProperties) = preSolution
		HideSolutionNode = FALSE
	EndGlobalSection
	GlobalSection(ExtensibilityGlobals) = postSolution
		SolutionGuid = {4F9D3C37-77A2-4897-B8C7-255FC3C2FDDF}
	EndGlobalSection
EndGlobal
